
Microsoft Visual Studio Solution File, Format Version 12.00
# Visual Studio Version 17
VisualStudioVersion = 17.10.34928.147
MinimumVisualStudioVersion = 10.0.40219.1
Project("{9A19103F-16F7-4668-BE54-9A1E7A4F7556}") = "ApartmentApi", "ApartmentApi\ApartmentApi.csproj", "{55722D95-F280-488C-8CEE-A8A430593EE5}"
EndProject
Project("{FAE04EC0-301F-11D3-BF4B-00C04F79EFBC}") = "ApartmentApiTests", "ApartmentApiTests\ApartmentApiTests.csproj", "{77B002B3-F686-4ECD-8D93-ECFA6DBA5EBF}"
EndProject
Global
	GlobalSection(SolutionConfigurationPlatforms) = preSolution
		Debug|Any CPU = Debug|Any CPU
		Release|Any CPU = Release|Any CPU
	EndGlobalSection
	GlobalSection(ProjectConfigurationPlatforms) = postSolution
		{55722D95-F280-488C-8CEE-A8A430593EE5}.Debug|Any CPU.ActiveCfg = Debug|Any CPU
		{55722D95-F280-488C-8CEE-A8A430593EE5}.Debug|Any CPU.Build.0 = Debug|Any CPU
		{55722D95-F280-488C-8CEE-A8A430593EE5}.Release|Any CPU.ActiveCfg = Release|Any CPU
		{55722D95-F280-488C-8CEE-A8A430593EE5}.Release|Any CPU.Build.0 = Release|Any CPU
		{77B002B3-F686-4ECD-8D93-ECFA6DBA5EBF}.Debug|Any CPU.ActiveCfg = Debug|Any CPU
		{77B002B3-F686-4ECD-8D93-ECFA6DBA5EBF}.Debug|Any CPU.Build.0 = Debug|Any CPU
		{77B002B3-F686-4ECD-8D93-ECFA6DBA5EBF}.Release|Any CPU.ActiveCfg = Release|Any CPU
		{77B002B3-F686-4ECD-8D93-ECFA6DBA5EBF}.Release|Any CPU.Build.0 = Release|Any CPU
	EndGlobalSection
	GlobalSection(SolutionProperties) = preSolution
		HideSolutionNode = FALSE
	EndGlobalSection
	GlobalSection(ExtensibilityGlobals) = postSolution
		SolutionGuid = {20D787AB-16DA-43B4-A21B-36ABE66457DA}
	EndGlobalSection
EndGlobal
